
Microsoft Visual Studio Solution File, Format Version 12.00
# Visual Studio Version 17
VisualStudioVersion = 17.11.35222.181
MinimumVisualStudioVersion = 10.0.40219.1
Project("{2150E333-8FDC-42A3-9474-1A3956D46DE8}") = "Task0", "Task0", "{EDF0832E-76FD-4EA1-BAA3-00E47F2F877D}"
EndProject
Project("{FAE04EC0-301F-11D3-BF4B-00C04F79EFBC}") = "Tyuiu.KorolevES.Sprint3.Task0.V3", "Tyuiu.KorolevES.Sprint3.Task0.V3\Tyuiu.KorolevES.Sprint3.Task0.V3.csproj", "{38948C68-4851-4E98-A932-2DC6AB1254F2}"
EndProject
Project("{FAE04EC0-301F-11D3-BF4B-00C04F79EFBC}") = "Tyuiu.KorolevES.Sprint3.Task0.V3.Lib", "Tyuiu.KorolevES.Sprint3.Task0.V3.Lib\Tyuiu.KorolevES.Sprint3.Task0.V3.Lib.csproj", "{C62A95B6-9B6C-4648-89B5-B15C976A98EA}"
EndProject
Project("{FAE04EC0-301F-11D3-BF4B-00C04F79EFBC}") = "Tyuiu.KorolevES.Sprint3.Task0.V3.Test", "Tyuiu.KorolevES.Sprint3.Task0.V3.Test\Tyuiu.KorolevES.Sprint3.Task0.V3.Test.csproj", "{90628006-D015-4EAA-A612-55CC008A5366}"
EndProject
Project("{2150E333-8FDC-42A3-9474-1A3956D46DE8}") = "Task1", "Task1", "{1DE41B7D-9301-4BBE-81FD-9146CEFE5B5D}"
EndProject
Project("{FAE04EC0-301F-11D3-BF4B-00C04F79EFBC}") = "Tyuiu.KorolevES.Sprint3.Task1.V30", "Tyuiu.KorolevES.Sprint3.Task1.V30\Tyuiu.KorolevES.Sprint3.Task1.V30.csproj", "{7929A664-F009-49ED-842F-032B1F5F4B6D}"
EndProject
Project("{FAE04EC0-301F-11D3-BF4B-00C04F79EFBC}") = "Tyuiu.KorolevES.Sprint3.Task1.V30.Lib", "Tyuiu.KorolevES.Sprint3.Task1.V30.Lib\Tyuiu.KorolevES.Sprint3.Task1.V30.Lib.csproj", "{A4DE5892-1426-459D-80D8-316E37E5C6DB}"
EndProject
Project("{FAE04EC0-301F-11D3-BF4B-00C04F79EFBC}") = "Tyuiu.KorolevES.Sprint3.Task1.V30.Test", "Tyuiu.KorolevES.Sprint3.Task1.V30.Test\Tyuiu.KorolevES.Sprint3.Task1.V30.Test.csproj", "{7DBDB7D4-2A57-4A97-BED3-F73AF0A3169C}"
EndProject
Project("{2150E333-8FDC-42A3-9474-1A3956D46DE8}") = "Task2", "Task2", "{9848E021-E4B6-4BB4-A8C5-072F305FEE99}"
EndProject
Project("{FAE04EC0-301F-11D3-BF4B-00C04F79EFBC}") = "Tyuiu.KorolevES.Sprint3.Task2.V20", "Tyuiu.KorolevES.Sprint3.Task2.V20\Tyuiu.KorolevES.Sprint3.Task2.V20.csproj", "{66B6344F-D208-4160-A1C5-936E1B5C9EDA}"
EndProject
Project("{FAE04EC0-301F-11D3-BF4B-00C04F79EFBC}") = "Tyuiu.KorolevES.Sprint3.Task2.V20.Lib", "Tyuiu.KorolevES.Sprint3.Task2.V20.Lib\Tyuiu.KorolevES.Sprint3.Task2.V20.Lib.csproj", "{A16292B7-2F61-4E1A-A84C-234F2F63DE77}"
EndProject
Project("{FAE04EC0-301F-11D3-BF4B-00C04F79EFBC}") = "Tyuiu.KorolevES.Sprint3.Task2.V20.Test", "Tyuiu.KorolevES.Sprint3.Task2.V20.Test\Tyuiu.KorolevES.Sprint3.Task2.V20.Test.csproj", "{92019401-B1DA-4F6A-B828-7CEEFBF94FE2}"
EndProject
Project("{2150E333-8FDC-42A3-9474-1A3956D46DE8}") = "Task3", "Task3", "{F448F45E-B464-46D4-B8E8-72776ED541A5}"
EndProject
Project("{FAE04EC0-301F-11D3-BF4B-00C04F79EFBC}") = "Tyuiu.KorolevES.Sprint3.Task3.V18", "Tyuiu.KorolevES.Sprint3.Task3.V18\Tyuiu.KorolevES.Sprint3.Task3.V18.csproj", "{B16DA8B3-DC66-4991-AEBF-A181BBEC0C2F}"
EndProject
Project("{FAE04EC0-301F-11D3-BF4B-00C04F79EFBC}") = "Tyuiu.KorolevES.Sprint3.Task3.V18.Lib", "Tyuiu.KorolevES.Sprint3.Task3.V18.Lib\Tyuiu.KorolevES.Sprint3.Task3.V18.Lib.csproj", "{55B5909D-23D7-49BF-9B2D-3E19DC9B8A96}"
EndProject
Project("{FAE04EC0-301F-11D3-BF4B-00C04F79EFBC}") = "Tyuiu.KorolevES.Sprint3.Task3.V18.Test", "Tyuiu.KorolevES.Sprint3.Task3.V18.Test\Tyuiu.KorolevES.Sprint3.Task3.V18.Test.csproj", "{CEB0E1AC-2B6F-4515-AB28-3A9753EB08B0}"
EndProject
Project("{2150E333-8FDC-42A3-9474-1A3956D46DE8}") = "Task4", "Task4", "{5EF236AA-62E0-47DB-A98C-1BCE1F55330D}"
EndProject
Project("{FAE04EC0-301F-11D3-BF4B-00C04F79EFBC}") = "Tyuiu.KorolevES.Sprint3.Task4.V17", "Tyuiu.KorolevES.Sprint3.Task4.V17\Tyuiu.KorolevES.Sprint3.Task4.V17.csproj", "{7EF0E8BE-B6D5-46FD-9266-1AE84D992383}"
EndProject
Project("{FAE04EC0-301F-11D3-BF4B-00C04F79EFBC}") = "Tyuiu.KorolevES.Sprint3.Task4.V17.Lib", "Tyuiu.KorolevES.Sprint3.Task4.V17.Lib\Tyuiu.KorolevES.Sprint3.Task4.V17.Lib.csproj", "{0652F8B9-2D17-46D2-9AE8-E5681E9BC965}"
EndProject
Project("{FAE04EC0-301F-11D3-BF4B-00C04F79EFBC}") = "Tyuiu.KorolevES.Sprint3.Task4.V17.Test", "Tyuiu.KorolevES.Sprint3.Task4.V17.Test\Tyuiu.KorolevES.Sprint3.Task4.V17.Test.csproj", "{23CCD9ED-F0AA-4F29-BB92-34D45F2F5822}"
EndProject
Project("{2150E333-8FDC-42A3-9474-1A3956D46DE8}") = "Task5", "Task5", "{5533EA44-0F35-4F25-AEE8-C33693255ADC}"
EndProject
Project("{FAE04EC0-301F-11D3-BF4B-00C04F79EFBC}") = "Tyuiu.KorolevES.Sprint3.Task5.V25", "Tyuiu.KorolevES.Sprint3.Task5.V25\Tyuiu.KorolevES.Sprint3.Task5.V25.csproj", "{0C430C11-0730-439B-A8EC-AEE7123E7B5B}"
EndProject
Project("{FAE04EC0-301F-11D3-BF4B-00C04F79EFBC}") = "Tyuiu.KorolevES.Sprint3.Task5.V25.Lib", "Tyuiu.KorolevES.Sprint3.Task5.V25.Lib\Tyuiu.KorolevES.Sprint3.Task5.V25.Lib.csproj", "{F0FB9EA0-7D8F-449B-9B1D-8F1C50EB23AE}"
EndProject
Project("{FAE04EC0-301F-11D3-BF4B-00C04F79EFBC}") = "Tyuiu.KorolevES.Sprint3.Task5.V25.Test", "Tyuiu.KorolevES.Sprint3.Task5.V25.Test\Tyuiu.KorolevES.Sprint3.Task5.V25.Test.csproj", "{5E64FE2C-F9E4-4A40-8F58-9C44F094E746}"
EndProject
Project("{2150E333-8FDC-42A3-9474-1A3956D46DE8}") = "Task6", "Task6", "{E4DA717A-8854-430C-BE1B-821FFCB807D1}"
EndProject
Project("{FAE04EC0-301F-11D3-BF4B-00C04F79EFBC}") = "Tyuiu.KorolevES.Sprint3.Task6.V21", "Tyuiu.KorolevES.Sprint3.Task6.V21\Tyuiu.KorolevES.Sprint3.Task6.V21.csproj", "{94C463B0-FF77-49F3-AB18-BC88D0D88D9D}"
EndProject
Project("{FAE04EC0-301F-11D3-BF4B-00C04F79EFBC}") = "Tyuiu.KorolevES.Sprint3.Task6.V21.Lib", "Tyuiu.KorolevES.Sprint3.Task6.V21.Lib\Tyuiu.KorolevES.Sprint3.Task6.V21.Lib.csproj", "{410346DC-DA1D-47D0-AF08-B4BEA402AADA}"
EndProject
Project("{FAE04EC0-301F-11D3-BF4B-00C04F79EFBC}") = "Tyuiu.KorolevES.Sprint3.Task6.V21.Test", "Tyuiu.KorolevES.Sprint3.Task6.V21.Test\Tyuiu.KorolevES.Sprint3.Task6.V21.Test.csproj", "{A32823E3-6186-49CF-BADC-D796FAF19F94}"
EndProject
Project("{2150E333-8FDC-42A3-9474-1A3956D46DE8}") = "Task7", "Task7", "{3B16F465-B2C4-41F0-AAD3-9100E275DC41}"
EndProject
Project("{FAE04EC0-301F-11D3-BF4B-00C04F79EFBC}") = "Tyuiu.KorolevES.Sprint3.Task7.V19", "Tyuiu.KorolevES.Sprint3.Task7.V19\Tyuiu.KorolevES.Sprint3.Task7.V19.csproj", "{16C334C2-D537-4004-AF31-3EE11DD2BC14}"
EndProject
Project("{FAE04EC0-301F-11D3-BF4B-00C04F79EFBC}") = "Tyuiu.KorolevES.Sprint3.Task7.V19.Lib", "Tyuiu.KorolevES.Sprint3.Task7.V19.Lib\Tyuiu.KorolevES.Sprint3.Task7.V19.Lib.csproj", "{27D4F825-025C-45B1-BE7D-30416BBEDBD9}"
EndProject
Project("{FAE04EC0-301F-11D3-BF4B-00C04F79EFBC}") = "Tyuiu.KorolevES.Sprint3.Task7.V19.Test", "Tyuiu.KorolevES.Sprint3.Task7.V19.Test\Tyuiu.KorolevES.Sprint3.Task7.V19.Test.csproj", "{69A5225D-4331-48FD-BD03-DA1C899ADA4D}"
EndProject
Global
	GlobalSection(SolutionConfigurationPlatforms) = preSolution
		Debug|Any CPU = Debug|Any CPU
		Release|Any CPU = Release|Any CPU
	EndGlobalSection
	GlobalSection(ProjectConfigurationPlatforms) = postSolution
		{38948C68-4851-4E98-A932-2DC6AB1254F2}.Debug|Any CPU.ActiveCfg = Debug|Any CPU
		{38948C68-4851-4E98-A932-2DC6AB1254F2}.Debug|Any CPU.Build.0 = Debug|Any CPU
		{38948C68-4851-4E98-A932-2DC6AB1254F2}.Release|Any CPU.ActiveCfg = Release|Any CPU
		{38948C68-4851-4E98-A932-2DC6AB1254F2}.Release|Any CPU.Build.0 = Release|Any CPU
		{C62A95B6-9B6C-4648-89B5-B15C976A98EA}.Debug|Any CPU.ActiveCfg = Debug|Any CPU
		{C62A95B6-9B6C-4648-89B5-B15C976A98EA}.Debug|Any CPU.Build.0 = Debug|Any CPU
		{C62A95B6-9B6C-4648-89B5-B15C976A98EA}.Release|Any CPU.ActiveCfg = Release|Any CPU
		{C62A95B6-9B6C-4648-89B5-B15C976A98EA}.Release|Any CPU.Build.0 = Release|Any CPU
		{90628006-D015-4EAA-A612-55CC008A5366}.Debug|Any CPU.ActiveCfg = Debug|Any CPU
		{90628006-D015-4EAA-A612-55CC008A5366}.Debug|Any CPU.Build.0 = Debug|Any CPU
		{90628006-D015-4EAA-A612-55CC008A5366}.Release|Any CPU.ActiveCfg = Release|Any CPU
		{90628006-D015-4EAA-A612-55CC008A5366}.Release|Any CPU.Build.0 = Release|Any CPU
		{7929A664-F009-49ED-842F-032B1F5F4B6D}.Debug|Any CPU.ActiveCfg = Debug|Any CPU
		{7929A664-F009-49ED-842F-032B1F5F4B6D}.Debug|Any CPU.Build.0 = Debug|Any CPU
		{7929A664-F009-49ED-842F-032B1F5F4B6D}.Release|Any CPU.ActiveCfg = Release|Any CPU
		{7929A664-F009-49ED-842F-032B1F5F4B6D}.Release|Any CPU.Build.0 = Release|Any CPU
		{A4DE5892-1426-459D-80D8-316E37E5C6DB}.Debug|Any CPU.ActiveCfg = Debug|Any CPU
		{A4DE5892-1426-459D-80D8-316E37E5C6DB}.Debug|Any CPU.Build.0 = Debug|Any CPU
		{A4DE5892-1426-459D-80D8-316E37E5C6DB}.Release|Any CPU.ActiveCfg = Release|Any CPU
		{A4DE5892-1426-459D-80D8-316E37E5C6DB}.Release|Any CPU.Build.0 = Release|Any CPU
		{7DBDB7D4-2A57-4A97-BED3-F73AF0A3169C}.Debug|Any CPU.ActiveCfg = Debug|Any CPU
		{7DBDB7D4-2A57-4A97-BED3-F73AF0A3169C}.Debug|Any CPU.Build.0 = Debug|Any CPU
		{7DBDB7D4-2A57-4A97-BED3-F73AF0A3169C}.Release|Any CPU.ActiveCfg = Release|Any CPU
		{7DBDB7D4-2A57-4A97-BED3-F73AF0A3169C}.Release|Any CPU.Build.0 = Release|Any CPU
		{66B6344F-D208-4160-A1C5-936E1B5C9EDA}.Debug|Any CPU.ActiveCfg = Debug|Any CPU
		{66B6344F-D208-4160-A1C5-936E1B5C9EDA}.Debug|Any CPU.Build.0 = Debug|Any CPU
		{66B6344F-D208-4160-A1C5-936E1B5C9EDA}.Release|Any CPU.ActiveCfg = Release|Any CPU
		{66B6344F-D208-4160-A1C5-936E1B5C9EDA}.Release|Any CPU.Build.0 = Release|Any CPU
		{A16292B7-2F61-4E1A-A84C-234F2F63DE77}.Debug|Any CPU.ActiveCfg = Debug|Any CPU
		{A16292B7-2F61-4E1A-A84C-234F2F63DE77}.Debug|Any CPU.Build.0 = Debug|Any CPU
		{A16292B7-2F61-4E1A-A84C-234F2F63DE77}.Release|Any CPU.ActiveCfg = Release|Any CPU
		{A16292B7-2F61-4E1A-A84C-234F2F63DE77}.Release|Any CPU.Build.0 = Release|Any CPU
		{92019401-B1DA-4F6A-B828-7CEEFBF94FE2}.Debug|Any CPU.ActiveCfg = Debug|Any CPU
		{92019401-B1DA-4F6A-B828-7CEEFBF94FE2}.Debug|Any CPU.Build.0 = Debug|Any CPU
		{92019401-B1DA-4F6A-B828-7CEEFBF94FE2}.Release|Any CPU.ActiveCfg = Release|Any CPU
		{92019401-B1DA-4F6A-B828-7CEEFBF94FE2}.Release|Any CPU.Build.0 = Release|Any CPU
		{B16DA8B3-DC66-4991-AEBF-A181BBEC0C2F}.Debug|Any CPU.ActiveCfg = Debug|Any CPU
		{B16DA8B3-DC66-4991-AEBF-A181BBEC0C2F}.Debug|Any CPU.Build.0 = Debug|Any CPU
		{B16DA8B3-DC66-4991-AEBF-A181BBEC0C2F}.Release|Any CPU.ActiveCfg = Release|Any CPU
		{B16DA8B3-DC66-4991-AEBF-A181BBEC0C2F}.Release|Any CPU.Build.0 = Release|Any CPU
		{55B5909D-23D7-49BF-9B2D-3E19DC9B8A96}.Debug|Any CPU.ActiveCfg = Debug|Any CPU
		{55B5909D-23D7-49BF-9B2D-3E19DC9B8A96}.Debug|Any CPU.Build.0 = Debug|Any CPU
		{55B5909D-23D7-49BF-9B2D-3E19DC9B8A96}.Release|Any CPU.ActiveCfg = Release|Any CPU
		{55B5909D-23D7-49BF-9B2D-3E19DC9B8A96}.Release|Any CPU.Build.0 = Release|Any CPU
		{CEB0E1AC-2B6F-4515-AB28-3A9753EB08B0}.Debug|Any CPU.ActiveCfg = Debug|Any CPU
		{CEB0E1AC-2B6F-4515-AB28-3A9753EB08B0}.Debug|Any CPU.Build.0 = Debug|Any CPU
		{CEB0E1AC-2B6F-4515-AB28-3A9753EB08B0}.Release|Any CPU.ActiveCfg = Release|Any CPU
		{CEB0E1AC-2B6F-4515-AB28-3A9753EB08B0}.Release|Any CPU.Build.0 = Release|Any CPU
		{7EF0E8BE-B6D5-46FD-9266-1AE84D992383}.Debug|Any CPU.ActiveCfg = Debug|Any CPU
		{7EF0E8BE-B6D5-46FD-9266-1AE84D992383}.Debug|Any CPU.Build.0 = Debug|Any CPU
		{7EF0E8BE-B6D5-46FD-9266-1AE84D992383}.Release|Any CPU.ActiveCfg = Release|Any CPU
		{7EF0E8BE-B6D5-46FD-9266-1AE84D992383}.Release|Any CPU.Build.0 = Release|Any CPU
		{0652F8B9-2D17-46D2-9AE8-E5681E9BC965}.Debug|Any CPU.ActiveCfg = Debug|Any CPU
		{0652F8B9-2D17-46D2-9AE8-E5681E9BC965}.Debug|Any CPU.Build.0 = Debug|Any CPU
		{0652F8B9-2D17-46D2-9AE8-E5681E9BC965}.Release|Any CPU.ActiveCfg = Release|Any CPU
		{0652F8B9-2D17-46D2-9AE8-E5681E9BC965}.Release|Any CPU.Build.0 = Release|Any CPU
		{23CCD9ED-F0AA-4F29-BB92-34D45F2F5822}.Debug|Any CPU.ActiveCfg = Debug|Any CPU
		{23CCD9ED-F0AA-4F29-BB92-34D45F2F5822}.Debug|Any CPU.Build.0 = Debug|Any CPU
		{23CCD9ED-F0AA-4F29-BB92-34D45F2F5822}.Release|Any CPU.ActiveCfg = Release|Any CPU
		{23CCD9ED-F0AA-4F29-BB92-34D45F2F5822}.Release|Any CPU.Build.0 = Release|Any CPU
		{0C430C11-0730-439B-A8EC-AEE7123E7B5B}.Debug|Any CPU.ActiveCfg = Debug|Any CPU
		{0C430C11-0730-439B-A8EC-AEE7123E7B5B}.Debug|Any CPU.Build.0 = Debug|Any CPU
		{0C430C11-0730-439B-A8EC-AEE7123E7B5B}.Release|Any CPU.ActiveCfg = Release|Any CPU
		{0C430C11-0730-439B-A8EC-AEE7123E7B5B}.Release|Any CPU.Build.0 = Release|Any CPU
		{F0FB9EA0-7D8F-449B-9B1D-8F1C50EB23AE}.Debug|Any CPU.ActiveCfg = Debug|Any CPU
		{F0FB9EA0-7D8F-449B-9B1D-8F1C50EB23AE}.Debug|Any CPU.Build.0 = Debug|Any CPU
		{F0FB9EA0-7D8F-449B-9B1D-8F1C50EB23AE}.Release|Any CPU.ActiveCfg = Release|Any CPU
		{F0FB9EA0-7D8F-449B-9B1D-8F1C50EB23AE}.Release|Any CPU.Build.0 = Release|Any CPU
		{5E64FE2C-F9E4-4A40-8F58-9C44F094E746}.Debug|Any CPU.ActiveCfg = Debug|Any CPU
		{5E64FE2C-F9E4-4A40-8F58-9C44F094E746}.Debug|Any CPU.Build.0 = Debug|Any CPU
		{5E64FE2C-F9E4-4A40-8F58-9C44F094E746}.Release|Any CPU.ActiveCfg = Release|Any CPU
		{5E64FE2C-F9E4-4A40-8F58-9C44F094E746}.Release|Any CPU.Build.0 = Release|Any CPU
		{94C463B0-FF77-49F3-AB18-BC88D0D88D9D}.Debug|Any CPU.ActiveCfg = Debug|Any CPU
		{94C463B0-FF77-49F3-AB18-BC88D0D88D9D}.Debug|Any CPU.Build.0 = Debug|Any CPU
		{94C463B0-FF77-49F3-AB18-BC88D0D88D9D}.Release|Any CPU.ActiveCfg = Release|Any CPU
		{94C463B0-FF77-49F3-AB18-BC88D0D88D9D}.Release|Any CPU.Build.0 = Release|Any CPU
		{410346DC-DA1D-47D0-AF08-B4BEA402AADA}.Debug|Any CPU.ActiveCfg = Debug|Any CPU
		{410346DC-DA1D-47D0-AF08-B4BEA402AADA}.Debug|Any CPU.Build.0 = Debug|Any CPU
		{410346DC-DA1D-47D0-AF08-B4BEA402AADA}.Release|Any CPU.ActiveCfg = Release|Any CPU
		{410346DC-DA1D-47D0-AF08-B4BEA402AADA}.Release|Any CPU.Build.0 = Release|Any CPU
		{A32823E3-6186-49CF-BADC-D796FAF19F94}.Debug|Any CPU.ActiveCfg = Debug|Any CPU
		{A32823E3-6186-49CF-BADC-D796FAF19F94}.Debug|Any CPU.Build.0 = Debug|Any CPU
		{A32823E3-6186-49CF-BADC-D796FAF19F94}.Release|Any CPU.ActiveCfg = Release|Any CPU
		{A32823E3-6186-49CF-BADC-D796FAF19F94}.Release|Any CPU.Build.0 = Release|Any CPU
		{16C334C2-D537-4004-AF31-3EE11DD2BC14}.Debug|Any CPU.ActiveCfg = Debug|Any CPU
		{16C334C2-D537-4004-AF31-3EE11DD2BC14}.Debug|Any CPU.Build.0 = Debug|Any CPU
		{16C334C2-D537-4004-AF31-3EE11DD2BC14}.Release|Any CPU.ActiveCfg = Release|Any CPU
		{16C334C2-D537-4004-AF31-3EE11DD2BC14}.Release|Any CPU.Build.0 = Release|Any CPU
		{27D4F825-025C-45B1-BE7D-30416BBEDBD9}.Debug|Any CPU.ActiveCfg = Debug|Any CPU
		{27D4F825-025C-45B1-BE7D-30416BBEDBD9}.Debug|Any CPU.Build.0 = Debug|Any CPU
		{27D4F825-025C-45B1-BE7D-30416BBEDBD9}.Release|Any CPU.ActiveCfg = Release|Any CPU
		{27D4F825-025C-45B1-BE7D-30416BBEDBD9}.Release|Any CPU.Build.0 = Release|Any CPU
		{69A5225D-4331-48FD-BD03-DA1C899ADA4D}.Debug|Any CPU.ActiveCfg = Debug|Any CPU
		{69A5225D-4331-48FD-BD03-DA1C899ADA4D}.Debug|Any CPU.Build.0 = Debug|Any CPU
		{69A5225D-4331-48FD-BD03-DA1C899ADA4D}.Release|Any CPU.ActiveCfg = Release|Any CPU
		{69A5225D-4331-48FD-BD03-DA1C899ADA4D}.Release|Any CPU.Build.0 = Release|Any CPU
	EndGlobalSection
	GlobalSection(SolutionProperties) = preSolution
		HideSolutionNode = FALSE
	EndGlobalSection
	GlobalSection(NestedProjects) = preSolution
		{38948C68-4851-4E98-A932-2DC6AB1254F2} = {EDF0832E-76FD-4EA1-BAA3-00E47F2F877D}
		{C62A95B6-9B6C-4648-89B5-B15C976A98EA} = {EDF0832E-76FD-4EA1-BAA3-00E47F2F877D}
		{90628006-D015-4EAA-A612-55CC008A5366} = {EDF0832E-76FD-4EA1-BAA3-00E47F2F877D}
		{7929A664-F009-49ED-842F-032B1F5F4B6D} = {1DE41B7D-9301-4BBE-81FD-9146CEFE5B5D}
		{A4DE5892-1426-459D-80D8-316E37E5C6DB} = {1DE41B7D-9301-4BBE-81FD-9146CEFE5B5D}
		{7DBDB7D4-2A57-4A97-BED3-F73AF0A3169C} = {1DE41B7D-9301-4BBE-81FD-9146CEFE5B5D}
		{66B6344F-D208-4160-A1C5-936E1B5C9EDA} = {9848E021-E4B6-4BB4-A8C5-072F305FEE99}
		{A16292B7-2F61-4E1A-A84C-234F2F63DE77} = {9848E021-E4B6-4BB4-A8C5-072F305FEE99}
		{92019401-B1DA-4F6A-B828-7CEEFBF94FE2} = {9848E021-E4B6-4BB4-A8C5-072F305FEE99}
		{B16DA8B3-DC66-4991-AEBF-A181BBEC0C2F} = {F448F45E-B464-46D4-B8E8-72776ED541A5}
		{55B5909D-23D7-49BF-9B2D-3E19DC9B8A96} = {F448F45E-B464-46D4-B8E8-72776ED541A5}
		{CEB0E1AC-2B6F-4515-AB28-3A9753EB08B0} = {F448F45E-B464-46D4-B8E8-72776ED541A5}
		{7EF0E8BE-B6D5-46FD-9266-1AE84D992383} = {5EF236AA-62E0-47DB-A98C-1BCE1F55330D}
		{0652F8B9-2D17-46D2-9AE8-E5681E9BC965} = {5EF236AA-62E0-47DB-A98C-1BCE1F55330D}
		{23CCD9ED-F0AA-4F29-BB92-34D45F2F5822} = {5EF236AA-62E0-47DB-A98C-1BCE1F55330D}
		{0C430C11-0730-439B-A8EC-AEE7123E7B5B} = {5533EA44-0F35-4F25-AEE8-C33693255ADC}
		{F0FB9EA0-7D8F-449B-9B1D-8F1C50EB23AE} = {5533EA44-0F35-4F25-AEE8-C33693255ADC}
		{5E64FE2C-F9E4-4A40-8F58-9C44F094E746} = {5533EA44-0F35-4F25-AEE8-C33693255ADC}
		{94C463B0-FF77-49F3-AB18-BC88D0D88D9D} = {E4DA717A-8854-430C-BE1B-821FFCB807D1}
		{410346DC-DA1D-47D0-AF08-B4BEA402AADA} = {E4DA717A-8854-430C-BE1B-821FFCB807D1}
		{A32823E3-6186-49CF-BADC-D796FAF19F94} = {E4DA717A-8854-430C-BE1B-821FFCB807D1}
		{16C334C2-D537-4004-AF31-3EE11DD2BC14} = {3B16F465-B2C4-41F0-AAD3-9100E275DC41}
		{27D4F825-025C-45B1-BE7D-30416BBEDBD9} = {3B16F465-B2C4-41F0-AAD3-9100E275DC41}
		{69A5225D-4331-48FD-BD03-DA1C899ADA4D} = {3B16F465-B2C4-41F0-AAD3-9100E275DC41}
	EndGlobalSection
	GlobalSection(ExtensibilityGlobals) = postSolution
		SolutionGuid = {EB819896-0A13-490B-AAAE-AE9DB7985DCA}
	EndGlobalSection
EndGlobal
